// !$*UTF8*$!
{
	archiveVersion = 1;
	classes = {
	};
	objectVersion = 56;
	objects = {

/* Begin PBXBuildFile section */
		A10001 /* JupitorApp.swift in Sources */ = {isa = PBXBuildFile; fileRef = B10001; };
		A10002 /* DashboardModels.swift in Sources */ = {isa = PBXBuildFile; fileRef = B10002; };
		A10003 /* APIService.swift in Sources */ = {isa = PBXBuildFile; fileRef = B10003; };
		A10004 /* DashboardViewModel.swift in Sources */ = {isa = PBXBuildFile; fileRef = B10004; };
		A10006 /* TierSectionView.swift in Sources */ = {isa = PBXBuildFile; fileRef = B10006; };
		A10009 /* Formatters.swift in Sources */ = {isa = PBXBuildFile; fileRef = B10009; };
		A10010 /* Colors.swift in Sources */ = {isa = PBXBuildFile; fileRef = B10010; };
		A10020 /* RootTabView.swift in Sources */ = {isa = PBXBuildFile; fileRef = B10020; };
		A10021 /* LiveDashboardView.swift in Sources */ = {isa = PBXBuildFile; fileRef = B10021; };
		A10022 /* SymbolCardView.swift in Sources */ = {isa = PBXBuildFile; fileRef = B10022; };
		A10023 /* SymbolListView.swift in Sources */ = {isa = PBXBuildFile; fileRef = B10023; };
		A10024 /* HistoryDateListView.swift in Sources */ = {isa = PBXBuildFile; fileRef = B10024; };
		A10025 /* WatchlistView.swift in Sources */ = {isa = PBXBuildFile; fileRef = B10025; };
		A10026 /* SymbolDetailView.swift in Sources */ = {isa = PBXBuildFile; fileRef = B10026; };
		A10027 /* SessionCard.swift in Sources */ = {isa = PBXBuildFile; fileRef = B10027; };
		A10028 /* MetricCell.swift in Sources */ = {isa = PBXBuildFile; fileRef = B10028; };
		A10029 /* SettingsView.swift in Sources */ = {isa = PBXBuildFile; fileRef = B10029; };
/* End PBXBuildFile section */

/* Begin PBXFileReference section */
		B10001 /* JupitorApp.swift */ = {isa = PBXFileReference; lastKnownFileType = sourcecode.swift; path = JupitorApp.swift; sourceTree = "<group>"; };
		B10002 /* DashboardModels.swift */ = {isa = PBXFileReference; lastKnownFileType = sourcecode.swift; path = DashboardModels.swift; sourceTree = "<group>"; };
		B10003 /* APIService.swift */ = {isa = PBXFileReference; lastKnownFileType = sourcecode.swift; path = APIService.swift; sourceTree = "<group>"; };
		B10004 /* DashboardViewModel.swift */ = {isa = PBXFileReference; lastKnownFileType = sourcecode.swift; path = DashboardViewModel.swift; sourceTree = "<group>"; };
		B10006 /* TierSectionView.swift */ = {isa = PBXFileReference; lastKnownFileType = sourcecode.swift; path = TierSectionView.swift; sourceTree = "<group>"; };
		B10009 /* Formatters.swift */ = {isa = PBXFileReference; lastKnownFileType = sourcecode.swift; path = Formatters.swift; sourceTree = "<group>"; };
		B10010 /* Colors.swift */ = {isa = PBXFileReference; lastKnownFileType = sourcecode.swift; path = Colors.swift; sourceTree = "<group>"; };
		B10011 /* Info.plist */ = {isa = PBXFileReference; lastKnownFileType = text.plist.xml; path = Info.plist; sourceTree = "<group>"; };
		B10020 /* RootTabView.swift */ = {isa = PBXFileReference; lastKnownFileType = sourcecode.swift; path = RootTabView.swift; sourceTree = "<group>"; };
		B10021 /* LiveDashboardView.swift */ = {isa = PBXFileReference; lastKnownFileType = sourcecode.swift; path = LiveDashboardView.swift; sourceTree = "<group>"; };
		B10022 /* SymbolCardView.swift */ = {isa = PBXFileReference; lastKnownFileType = sourcecode.swift; path = SymbolCardView.swift; sourceTree = "<group>"; };
		B10023 /* SymbolListView.swift */ = {isa = PBXFileReference; lastKnownFileType = sourcecode.swift; path = SymbolListView.swift; sourceTree = "<group>"; };
		B10024 /* HistoryDateListView.swift */ = {isa = PBXFileReference; lastKnownFileType = sourcecode.swift; path = HistoryDateListView.swift; sourceTree = "<group>"; };
		B10025 /* WatchlistView.swift */ = {isa = PBXFileReference; lastKnownFileType = sourcecode.swift; path = WatchlistView.swift; sourceTree = "<group>"; };
		B10026 /* SymbolDetailView.swift */ = {isa = PBXFileReference; lastKnownFileType = sourcecode.swift; path = SymbolDetailView.swift; sourceTree = "<group>"; };
		B10027 /* SessionCard.swift */ = {isa = PBXFileReference; lastKnownFileType = sourcecode.swift; path = SessionCard.swift; sourceTree = "<group>"; };
		B10028 /* MetricCell.swift */ = {isa = PBXFileReference; lastKnownFileType = sourcecode.swift; path = MetricCell.swift; sourceTree = "<group>"; };
		B10029 /* SettingsView.swift */ = {isa = PBXFileReference; lastKnownFileType = sourcecode.swift; path = SettingsView.swift; sourceTree = "<group>"; };
		C10001 /* Jupitor.app */ = {isa = PBXFileReference; explicitFileType = wrapper.application; includeInIndex = 0; path = Jupitor.app; sourceTree = BUILT_PRODUCTS_DIR; };
/* End PBXFileReference section */

/* Begin PBXFrameworksBuildPhase section */
		D10001 /* Frameworks */ = {
			isa = PBXFrameworksBuildPhase;
			buildActionMask = 2147483647;
			files = (
			);
			runOnlyForDeploymentPostprocessing = 0;
		};
/* End PBXFrameworksBuildPhase section */

/* Begin PBXGroup section */
		E10001 = {
			isa = PBXGroup;
			children = (
				E10002 /* Jupitor */,
				E10008 /* Products */,
			);
			sourceTree = "<group>";
		};
		E10002 /* Jupitor */ = {
			isa = PBXGroup;
			children = (
				B10001 /* JupitorApp.swift */,
				B10011 /* Info.plist */,
				E10003 /* Models */,
				E10004 /* Services */,
				E10005 /* ViewModels */,
				E10006 /* Views */,
				E10007 /* Utilities */,
			);
			path = Jupitor;
			sourceTree = "<group>";
		};
		E10003 /* Models */ = {
			isa = PBXGroup;
			children = (
				B10002 /* DashboardModels.swift */,
			);
			path = Models;
			sourceTree = "<group>";
		};
		E10004 /* Services */ = {
			isa = PBXGroup;
			children = (
				B10003 /* APIService.swift */,
			);
			path = Services;
			sourceTree = "<group>";
		};
		E10005 /* ViewModels */ = {
			isa = PBXGroup;
			children = (
				B10004 /* DashboardViewModel.swift */,
			);
			path = ViewModels;
			sourceTree = "<group>";
		};
		E10006 /* Views */ = {
			isa = PBXGroup;
			children = (
				B10020 /* RootTabView.swift */,
				B10006 /* TierSectionView.swift */,
				E10010 /* Live */,
				E10011 /* History */,
				E10012 /* Watchlist */,
				E10013 /* Detail */,
				E10014 /* Settings */,
			);
			path = Views;
			sourceTree = "<group>";
		};
		E10007 /* Utilities */ = {
			isa = PBXGroup;
			children = (
				B10009 /* Formatters.swift */,
				B10010 /* Colors.swift */,
			);
			path = Utilities;
			sourceTree = "<group>";
		};
		E10008 /* Products */ = {
			isa = PBXGroup;
			children = (
				C10001 /* Jupitor.app */,
			);
			name = Products;
			sourceTree = "<group>";
		};
		E10010 /* Live */ = {
			isa = PBXGroup;
			children = (
				B10021 /* LiveDashboardView.swift */,
				B10022 /* SymbolCardView.swift */,
				B10023 /* SymbolListView.swift */,
			);
			path = Live;
			sourceTree = "<group>";
		};
		E10011 /* History */ = {
			isa = PBXGroup;
			children = (
				B10024 /* HistoryDateListView.swift */,
			);
			path = History;
			sourceTree = "<group>";
		};
		E10012 /* Watchlist */ = {
			isa = PBXGroup;
			children = (
				B10025 /* WatchlistView.swift */,
			);
			path = Watchlist;
			sourceTree = "<group>";
		};
		E10013 /* Detail */ = {
			isa = PBXGroup;
			children = (
				B10026 /* SymbolDetailView.swift */,
				B10027 /* SessionCard.swift */,
				B10028 /* MetricCell.swift */,
			);
			path = Detail;
			sourceTree = "<group>";
		};
		E10014 /* Settings */ = {
			isa = PBXGroup;
			children = (
				B10029 /* SettingsView.swift */,
			);
			path = Settings;
			sourceTree = "<group>";
		};
/* End PBXGroup section */

/* Begin PBXNativeTarget section */
		F10001 /* Jupitor */ = {
			isa = PBXNativeTarget;
			buildConfigurationList = G10003;
			buildPhases = (
				F10002 /* Sources */,
				D10001 /* Frameworks */,
				F10003 /* Resources */,
			);
			buildRules = (
			);
			dependencies = (
			);
			name = Jupitor;
			productName = Jupitor;
			productReference = C10001 /* Jupitor.app */;
			productType = "com.apple.product-type.application";
		};
/* End PBXNativeTarget section */

/* Begin PBXProject section */
		H10001 /* Project object */ = {
			isa = PBXProject;
			attributes = {
				BuildIndependentTargetsInParallel = 1;
				LastSwiftUpdateCheck = 1540;
				LastUpgradeCheck = 1540;
				TargetAttributes = {
					F10001 = {
						CreatedOnToolsVersion = 15.4;
					};
				};
			};
			buildConfigurationList = G10001;
			compatibilityVersion = "Xcode 14.0";
			developmentRegion = en;
			hasScannedForEncodings = 0;
			knownRegions = (
				en,
				Base,
			);
			mainGroup = E10001;
			productRefGroup = E10008 /* Products */;
			projectDirPath = "";
			projectRoot = "";
			targets = (
				F10001 /* Jupitor */,
			);
		};
/* End PBXProject section */

/* Begin PBXResourcesBuildPhase section */
		F10003 /* Resources */ = {
			isa = PBXResourcesBuildPhase;
			buildActionMask = 2147483647;
			files = (
			);
			runOnlyForDeploymentPostprocessing = 0;
		};
/* End PBXResourcesBuildPhase section */

/* Begin PBXSourcesBuildPhase section */
		F10002 /* Sources */ = {
			isa = PBXSourcesBuildPhase;
			buildActionMask = 2147483647;
			files = (
				A10001 /* JupitorApp.swift in Sources */,
				A10002 /* DashboardModels.swift in Sources */,
				A10003 /* APIService.swift in Sources */,
				A10004 /* DashboardViewModel.swift in Sources */,
				A10006 /* TierSectionView.swift in Sources */,
				A10009 /* Formatters.swift in Sources */,
				A10010 /* Colors.swift in Sources */,
				A10020 /* RootTabView.swift in Sources */,
				A10021 /* LiveDashboardView.swift in Sources */,
				A10022 /* SymbolCardView.swift in Sources */,
				A10023 /* SymbolListView.swift in Sources */,
				A10024 /* HistoryDateListView.swift in Sources */,
				A10025 /* WatchlistView.swift in Sources */,
				A10026 /* SymbolDetailView.swift in Sources */,
				A10027 /* SessionCard.swift in Sources */,
				A10028 /* MetricCell.swift in Sources */,
				A10029 /* SettingsView.swift in Sources */,
			);
			runOnlyForDeploymentPostprocessing = 0;
		};
/* End PBXSourcesBuildPhase section */

/* Begin XCBuildConfiguration section */
		G10002 /* Debug */ = {
			isa = XCBuildConfiguration;
			buildSettings = {
				ALWAYS_SEARCH_USER_PATHS = NO;
				ASSETCATALOG_COMPILER_GENERATE_SWIFT_ASSET_SYMBOL_EXTENSIONS = YES;
				CLANG_ANALYZER_NONNULL = YES;
				CLANG_CXX_LANGUAGE_STANDARD = "gnu++20";
				CLANG_ENABLE_MODULES = YES;
				CLANG_ENABLE_OBJC_ARC = YES;
				COPY_PHASE_STRIP = NO;
				DEBUG_INFORMATION_FORMAT = dwarf;
				ENABLE_STRICT_OBJC_MSGSEND = YES;
				ENABLE_TESTABILITY = YES;
				GCC_DYNAMIC_NO_PIC = NO;
				GCC_OPTIMIZATION_LEVEL = 0;
				GCC_PREPROCESSOR_DEFINITIONS = (
					"DEBUG=1",
					"$(inherited)",
				);
				GCC_WARN_ABOUT_RETURN_TYPE = YES_ERROR;
				GCC_WARN_UNINITIALIZED_AUTOS = YES_AGGRESSIVE;
				IPHONEOS_DEPLOYMENT_TARGET = 17.0;
				MTL_ENABLE_DEBUG_INFO = INCLUDE_SOURCE;
				ONLY_ACTIVE_ARCH = YES;
				SDKROOT = iphoneos;
				SWIFT_ACTIVE_COMPILATION_CONDITIONS = "$(inherited) DEBUG";
				SWIFT_OPTIMIZATION_LEVEL = "-Onone";
			};
			name = Debug;
		};
		G10004 /* Release */ = {
			isa = XCBuildConfiguration;
			buildSettings = {
				ALWAYS_SEARCH_USER_PATHS = NO;
				ASSETCATALOG_COMPILER_GENERATE_SWIFT_ASSET_SYMBOL_EXTENSIONS = YES;
				CLANG_ANALYZER_NONNULL = YES;
				CLANG_CXX_LANGUAGE_STANDARD = "gnu++20";
				CLANG_ENABLE_MODULES = YES;
				CLANG_ENABLE_OBJC_ARC = YES;
				COPY_PHASE_STRIP = NO;
				DEBUG_INFORMATION_FORMAT = "dwarf-with-dsym";
				ENABLE_NS_ASSERTIONS = NO;
				ENABLE_STRICT_OBJC_MSGSEND = YES;
				GCC_WARN_ABOUT_RETURN_TYPE = YES_ERROR;
				GCC_WARN_UNINITIALIZED_AUTOS = YES_AGGRESSIVE;
				IPHONEOS_DEPLOYMENT_TARGET = 17.0;
				SDKROOT = iphoneos;
				SWIFT_COMPILATION_MODE = wholemodule;
				VALIDATE_PRODUCT = YES;
			};
			name = Release;
		};
		G10005 /* Debug */ = {
			isa = XCBuildConfiguration;
			buildSettings = {
				ASSETCATALOG_COMPILER_APPICON_NAME = AppIcon;
				ASSETCATALOG_COMPILER_GLOBAL_ACCENT_COLOR_NAME = AccentColor;
				CODE_SIGN_STYLE = Automatic;
				CURRENT_PROJECT_VERSION = 1;
				DEVELOPMENT_TEAM = "";
				GENERATE_INFOPLIST_FILE = YES;
				INFOPLIST_FILE = Jupitor/Info.plist;
				INFOPLIST_KEY_CFBundleDisplayName = Jupitor;
				INFOPLIST_KEY_NSLocalNetworkUsageDescription = "Connect to Jupitor server on local network";
				INFOPLIST_KEY_UIApplicationSceneManifest_Generation = YES;
				INFOPLIST_KEY_UIApplicationSupportsIndirectInputEvents = YES;
				INFOPLIST_KEY_UILaunchScreen_Generation = YES;
				INFOPLIST_KEY_UISupportedInterfaceOrientations = UIInterfaceOrientationPortrait;
				INFOPLIST_KEY_UISupportedInterfaceOrientations_iPad = "UIInterfaceOrientationLandscapeLeft UIInterfaceOrientationLandscapeRight UIInterfaceOrientationPortrait UIInterfaceOrientationPortraitUpsideDown";
				LD_RUNPATH_SEARCH_PATHS = (
					"$(inherited)",
					"@executable_path/Frameworks",
				);
				MARKETING_VERSION = 1.0;
				PRODUCT_BUNDLE_IDENTIFIER = me.chenjiang.Jupitor;
				PRODUCT_NAME = "$(TARGET_NAME)";
				SWIFT_EMIT_LOC_STRINGS = YES;
				SWIFT_STRICT_CONCURRENCY = complete;
				SWIFT_VERSION = 5.0;
				TARGETED_DEVICE_FAMILY = "1,2";
			};
			name = Debug;
		};
		G10006 /* Release */ = {
			isa = XCBuildConfiguration;
			buildSettings = {
				ASSETCATALOG_COMPILER_APPICON_NAME = AppIcon;
				ASSETCATALOG_COMPILER_GLOBAL_ACCENT_COLOR_NAME = AccentColor;
				CODE_SIGN_STYLE = Automatic;
				CURRENT_PROJECT_VERSION = 1;
				DEVELOPMENT_TEAM = "";
				GENERATE_INFOPLIST_FILE = YES;
				INFOPLIST_FILE = Jupitor/Info.plist;
				INFOPLIST_KEY_CFBundleDisplayName = Jupitor;
				INFOPLIST_KEY_NSLocalNetworkUsageDescription = "Connect to Jupitor server on local network";
				INFOPLIST_KEY_UIApplicationSceneManifest_Generation = YES;
				INFOPLIST_KEY_UIApplicationSupportsIndirectInputEvents = YES;
				INFOPLIST_KEY_UILaunchScreen_Generation = YES;
				INFOPLIST_KEY_UISupportedInterfaceOrientations = UIInterfaceOrientationPortrait;
				INFOPLIST_KEY_UISupportedInterfaceOrientations_iPad = "UIInterfaceOrientationLandscapeLeft UIInterfaceOrientationLandscapeRight UIInterfaceOrientationPortrait UIInterfaceOrientationPortraitUpsideDown";
				LD_RUNPATH_SEARCH_PATHS = (
					"$(inherited)",
					"@executable_path/Frameworks",
				);
				MARKETING_VERSION = 1.0;
				PRODUCT_BUNDLE_IDENTIFIER = me.chenjiang.Jupitor;
				PRODUCT_NAME = "$(TARGET_NAME)";
				SWIFT_EMIT_LOC_STRINGS = YES;
				SWIFT_STRICT_CONCURRENCY = complete;
				SWIFT_VERSION = 5.0;
				TARGETED_DEVICE_FAMILY = "1,2";
			};
			name = Release;
		};
/* End XCBuildConfiguration section */

/* Begin XCConfigurationList section */
		G10001 /* Build configuration list for PBXProject "Jupitor" */ = {
			isa = XCConfigurationList;
			buildConfigurations = (
				G10002 /* Debug */,
				G10004 /* Release */,
			);
			defaultConfigurationIsVisible = 0;
			defaultConfigurationName = Release;
		};
		G10003 /* Build configuration list for PBXNativeTarget "Jupitor" */ = {
			isa = XCConfigurationList;
			buildConfigurations = (
				G10005 /* Debug */,
				G10006 /* Release */,
			);
			defaultConfigurationIsVisible = 0;
			defaultConfigurationName = Release;
		};
/* End XCConfigurationList section */
	};
	rootObject = H10001 /* Project object */;
}
